
Microsoft Visual Studio Solution File, Format Version 12.00
# Visual Studio 15
VisualStudioVersion = 15.0.27130.2027
MinimumVisualStudioVersion = 10.0.40219.1
Project("{FAE04EC0-301F-11D3-BF4B-00C04F79EFBC}") = "QuickAnalysis", "QuickAnalysis\QuickAnalysis.csproj", "{5EE9EDE9-071A-4D92-ACBE-773C9F22390C}"
EndProject
Global
	GlobalSection(SolutionConfigurationPlatforms) = preSolution
		Debug|Any CPU = Debug|Any CPU
		Release|Any CPU = Release|Any CPU
	EndGlobalSection
	GlobalSection(ProjectConfigurationPlatforms) = postSolution
		{5EE9EDE9-071A-4D92-ACBE-773C9F22390C}.Debug|Any CPU.ActiveCfg = Debug|Any CPU
		{5EE9EDE9-071A-4D92-ACBE-773C9F22390C}.Debug|Any CPU.Build.0 = Debug|Any CPU
		{5EE9EDE9-071A-4D92-ACBE-773C9F22390C}.Release|Any CPU.ActiveCfg = Release|Any CPU
		{5EE9EDE9-071A-4D92-ACBE-773C9F22390C}.Release|Any CPU.Build.0 = Release|Any CPU
	EndGlobalSection
	GlobalSection(SolutionProperties) = preSolution
		HideSolutionNode = FALSE
	EndGlobalSection
	GlobalSection(ExtensibilityGlobals) = postSolution
		SolutionGuid = {0601C7A7-1F29-49C0-9262-FEE81B1396D0}
	EndGlobalSection
EndGlobal
